
Microsoft Visual Studio Solution File, Format Version 12.00
# Visual Studio Version 17
VisualStudioVersion = 17.3.32929.385
MinimumVisualStudioVersion = 10.0.40219.1
Project("{FAE04EC0-301F-11D3-BF4B-00C04F79EFBC}") = "HelloWorld", "HelloWorld\HelloWorld.csproj", "{DFFE9582-7663-404B-B7BB-FA9508FA1900}"
EndProject
Global
	GlobalSection(SolutionConfigurationPlatforms) = preSolution
		Debug|Any CPU = Debug|Any CPU
		Release|Any CPU = Release|Any CPU
	EndGlobalSection
	GlobalSection(ProjectConfigurationPlatforms) = postSolution
		{DFFE9582-7663-404B-B7BB-FA9508FA1900}.Debug|Any CPU.ActiveCfg = Debug|Any CPU
		{DFFE9582-7663-404B-B7BB-FA9508FA1900}.Debug|Any CPU.Build.0 = Debug|Any CPU
		{DFFE9582-7663-404B-B7BB-FA9508FA1900}.Release|Any CPU.ActiveCfg = Release|Any CPU
		{DFFE9582-7663-404B-B7BB-FA9508FA1900}.Release|Any CPU.Build.0 = Release|Any CPU
	EndGlobalSection
	GlobalSection(SolutionProperties) = preSolution
		HideSolutionNode = FALSE
	EndGlobalSection
	GlobalSection(ExtensibilityGlobals) = postSolution
		SolutionGuid = {CB534650-419D-411D-AAE3-7BA07C3A3493}
	EndGlobalSection
EndGlobal
